// !$*UTF8*$!
{
	archiveVersion = 1;
	classes = {
	};
	objectVersion = 70;
	objects = {

/* Begin PBXBuildFile section */
		ED22FD2C2C91D5DC003F2B1C /* Assets.xcassets in Resources */ = {isa = PBXBuildFile; fileRef = ED22FD2B2C91D5DC003F2B1C /* Assets.xcassets */; };
		ED37549A2C8EE32200CC22D6 /* Preview Assets.xcassets in Resources */ = {isa = PBXBuildFile; fileRef = ED3754992C8EE32200CC22D6 /* Preview Assets.xcassets */; };
		ED3754A42C8EE32200CC22D6 /* xcode_and_playgroundsTests.swift in Sources */ = {isa = PBXBuildFile; fileRef = ED3754A32C8EE32200CC22D6 /* xcode_and_playgroundsTests.swift */; };
		ED3754AE2C8EE32200CC22D6 /* xcode_and_playgroundsUITests.swift in Sources */ = {isa = PBXBuildFile; fileRef = ED3754AD2C8EE32200CC22D6 /* xcode_and_playgroundsUITests.swift */; };
		ED3754B02C8EE32200CC22D6 /* xcode_and_playgroundsUITestsLaunchTests.swift in Sources */ = {isa = PBXBuildFile; fileRef = ED3754AF2C8EE32200CC22D6 /* xcode_and_playgroundsUITestsLaunchTests.swift */; };
/* End PBXBuildFile section */

/* Begin PBXContainerItemProxy section */
		ED3754A02C8EE32200CC22D6 /* PBXContainerItemProxy */ = {
			isa = PBXContainerItemProxy;
			containerPortal = ED3754872C8EE32100CC22D6 /* Project object */;
			proxyType = 1;
			remoteGlobalIDString = ED37548E2C8EE32100CC22D6;
			remoteInfo = "xcode-and-playgrounds";
		};
		ED3754AA2C8EE32200CC22D6 /* PBXContainerItemProxy */ = {
			isa = PBXContainerItemProxy;
			containerPortal = ED3754872C8EE32100CC22D6 /* Project object */;
			proxyType = 1;
			remoteGlobalIDString = ED37548E2C8EE32100CC22D6;
			remoteInfo = "xcode-and-playgrounds";
		};
/* End PBXContainerItemProxy section */

/* Begin PBXFileReference section */
		ED22FD2B2C91D5DC003F2B1C /* Assets.xcassets */ = {isa = PBXFileReference; lastKnownFileType = folder.assetcatalog; name = Assets.xcassets; path = XcodeAndPlaygrounds.swiftpm/Assets.xcassets; sourceTree = SOURCE_ROOT; };
		ED37548F2C8EE32100CC22D6 /* xcode-and-playgrounds.app */ = {isa = PBXFileReference; explicitFileType = wrapper.application; includeInIndex = 0; path = "xcode-and-playgrounds.app"; sourceTree = BUILT_PRODUCTS_DIR; };
		ED3754992C8EE32200CC22D6 /* Preview Assets.xcassets */ = {isa = PBXFileReference; lastKnownFileType = folder.assetcatalog; path = "Preview Assets.xcassets"; sourceTree = "<group>"; };
		ED37549F2C8EE32200CC22D6 /* xcode-and-playgroundsTests.xctest */ = {isa = PBXFileReference; explicitFileType = wrapper.cfbundle; includeInIndex = 0; path = "xcode-and-playgroundsTests.xctest"; sourceTree = BUILT_PRODUCTS_DIR; };
		ED3754A32C8EE32200CC22D6 /* xcode_and_playgroundsTests.swift */ = {isa = PBXFileReference; lastKnownFileType = sourcecode.swift; path = xcode_and_playgroundsTests.swift; sourceTree = "<group>"; };
		ED3754A92C8EE32200CC22D6 /* xcode-and-playgroundsUITests.xctest */ = {isa = PBXFileReference; explicitFileType = wrapper.cfbundle; includeInIndex = 0; path = "xcode-and-playgroundsUITests.xctest"; sourceTree = BUILT_PRODUCTS_DIR; };
		ED3754AD2C8EE32200CC22D6 /* xcode_and_playgroundsUITests.swift */ = {isa = PBXFileReference; lastKnownFileType = sourcecode.swift; path = xcode_and_playgroundsUITests.swift; sourceTree = "<group>"; };
		ED3754AF2C8EE32200CC22D6 /* xcode_and_playgroundsUITestsLaunchTests.swift */ = {isa = PBXFileReference; lastKnownFileType = sourcecode.swift; path = xcode_and_playgroundsUITestsLaunchTests.swift; sourceTree = "<group>"; };
/* End PBXFileReference section */

/* Begin PBXFileSystemSynchronizedRootGroup section */
		ED22FD242C91CE0B003F2B1C /* XcodeAndPlaygrounds */ = {isa = PBXFileSystemSynchronizedRootGroup; explicitFileTypes = {}; explicitFolders = (); name = XcodeAndPlaygrounds; path = XcodeAndPlaygrounds.swiftpm/XcodeAndPlaygrounds; sourceTree = "<group>"; };
/* End PBXFileSystemSynchronizedRootGroup section */

/* Begin PBXFrameworksBuildPhase section */
		ED37548C2C8EE32100CC22D6 /* Frameworks */ = {
			isa = PBXFrameworksBuildPhase;
			buildActionMask = 2147483647;
			files = (
			);
			runOnlyForDeploymentPostprocessing = 0;
		};
		ED37549C2C8EE32200CC22D6 /* Frameworks */ = {
			isa = PBXFrameworksBuildPhase;
			buildActionMask = 2147483647;
			files = (
			);
			runOnlyForDeploymentPostprocessing = 0;
		};
		ED3754A62C8EE32200CC22D6 /* Frameworks */ = {
			isa = PBXFrameworksBuildPhase;
			buildActionMask = 2147483647;
			files = (
			);
			runOnlyForDeploymentPostprocessing = 0;
		};
/* End PBXFrameworksBuildPhase section */

/* Begin PBXGroup section */
		ED3754862C8EE32100CC22D6 = {
			isa = PBXGroup;
			children = (
				ED22FD242C91CE0B003F2B1C /* XcodeAndPlaygrounds */,
				ED3754912C8EE32100CC22D6 /* xcode-and-playgrounds */,
				ED3754A22C8EE32200CC22D6 /* xcode-and-playgroundsTests */,
				ED3754AC2C8EE32200CC22D6 /* xcode-and-playgroundsUITests */,
				ED3754902C8EE32100CC22D6 /* Products */,
			);
			sourceTree = "<group>";
		};
		ED3754902C8EE32100CC22D6 /* Products */ = {
			isa = PBXGroup;
			children = (
				ED37548F2C8EE32100CC22D6 /* xcode-and-playgrounds.app */,
				ED37549F2C8EE32200CC22D6 /* xcode-and-playgroundsTests.xctest */,
				ED3754A92C8EE32200CC22D6 /* xcode-and-playgroundsUITests.xctest */,
			);
			name = Products;
			sourceTree = "<group>";
		};
		ED3754912C8EE32100CC22D6 /* xcode-and-playgrounds */ = {
			isa = PBXGroup;
			children = (
				ED3754982C8EE32200CC22D6 /* Preview Content */,
				ED22FD2B2C91D5DC003F2B1C /* Assets.xcassets */,
			);
			path = "xcode-and-playgrounds";
			sourceTree = "<group>";
		};
		ED3754982C8EE32200CC22D6 /* Preview Content */ = {
			isa = PBXGroup;
			children = (
				ED3754992C8EE32200CC22D6 /* Preview Assets.xcassets */,
			);
			path = "Preview Content";
			sourceTree = "<group>";
		};
		ED3754A22C8EE32200CC22D6 /* xcode-and-playgroundsTests */ = {
			isa = PBXGroup;
			children = (
				ED3754A32C8EE32200CC22D6 /* xcode_and_playgroundsTests.swift */,
			);
			path = "xcode-and-playgroundsTests";
			sourceTree = "<group>";
		};
		ED3754AC2C8EE32200CC22D6 /* xcode-and-playgroundsUITests */ = {
			isa = PBXGroup;
			children = (
				ED3754AD2C8EE32200CC22D6 /* xcode_and_playgroundsUITests.swift */,
				ED3754AF2C8EE32200CC22D6 /* xcode_and_playgroundsUITestsLaunchTests.swift */,
			);
			path = "xcode-and-playgroundsUITests";
			sourceTree = "<group>";
		};
/* End PBXGroup section */

/* Begin PBXNativeTarget section */
		ED37548E2C8EE32100CC22D6 /* xcode-and-playgrounds */ = {
			isa = PBXNativeTarget;
			buildConfigurationList = ED3754B32C8EE32200CC22D6 /* Build configuration list for PBXNativeTarget "xcode-and-playgrounds" */;
			buildPhases = (
				ED37548B2C8EE32100CC22D6 /* Sources */,
				ED37548C2C8EE32100CC22D6 /* Frameworks */,
				ED37548D2C8EE32100CC22D6 /* Resources */,
			);
			buildRules = (
			);
			dependencies = (
			);
			fileSystemSynchronizedGroups = (
				ED22FD242C91CE0B003F2B1C /* XcodeAndPlaygrounds */,
			);
			name = "xcode-and-playgrounds";
			packageProductDependencies = (
			);
			productName = "xcode-and-playgrounds";
			productReference = ED37548F2C8EE32100CC22D6 /* xcode-and-playgrounds.app */;
			productType = "com.apple.product-type.application";
		};
		ED37549E2C8EE32200CC22D6 /* xcode-and-playgroundsTests */ = {
			isa = PBXNativeTarget;
			buildConfigurationList = ED3754B62C8EE32200CC22D6 /* Build configuration list for PBXNativeTarget "xcode-and-playgroundsTests" */;
			buildPhases = (
				ED37549B2C8EE32200CC22D6 /* Sources */,
				ED37549C2C8EE32200CC22D6 /* Frameworks */,
				ED37549D2C8EE32200CC22D6 /* Resources */,
			);
			buildRules = (
			);
			dependencies = (
				ED3754A12C8EE32200CC22D6 /* PBXTargetDependency */,
			);
			name = "xcode-and-playgroundsTests";
			productName = "xcode-and-playgroundsTests";
			productReference = ED37549F2C8EE32200CC22D6 /* xcode-and-playgroundsTests.xctest */;
			productType = "com.apple.product-type.bundle.unit-test";
		};
		ED3754A82C8EE32200CC22D6 /* xcode-and-playgroundsUITests */ = {
			isa = PBXNativeTarget;
			buildConfigurationList = ED3754B92C8EE32200CC22D6 /* Build configuration list for PBXNativeTarget "xcode-and-playgroundsUITests" */;
			buildPhases = (
				ED3754A52C8EE32200CC22D6 /* Sources */,
				ED3754A62C8EE32200CC22D6 /* Frameworks */,
				ED3754A72C8EE32200CC22D6 /* Resources */,
			);
			buildRules = (
			);
			dependencies = (
				ED3754AB2C8EE32200CC22D6 /* PBXTargetDependency */,
			);
			name = "xcode-and-playgroundsUITests";
			productName = "xcode-and-playgroundsUITests";
			productReference = ED3754A92C8EE32200CC22D6 /* xcode-and-playgroundsUITests.xctest */;
			productType = "com.apple.product-type.bundle.ui-testing";
		};
/* End PBXNativeTarget section */

/* Begin PBXProject section */
		ED3754872C8EE32100CC22D6 /* Project object */ = {
			isa = PBXProject;
			attributes = {
				BuildIndependentTargetsInParallel = 1;
				LastSwiftUpdateCheck = 1530;
				LastUpgradeCheck = 1530;
				TargetAttributes = {
					ED37548E2C8EE32100CC22D6 = {
						CreatedOnToolsVersion = 15.3;
					};
					ED37549E2C8EE32200CC22D6 = {
						CreatedOnToolsVersion = 15.3;
						TestTargetID = ED37548E2C8EE32100CC22D6;
					};
					ED3754A82C8EE32200CC22D6 = {
						CreatedOnToolsVersion = 15.3;
						TestTargetID = ED37548E2C8EE32100CC22D6;
					};
				};
			};
			buildConfigurationList = ED37548A2C8EE32100CC22D6 /* Build configuration list for PBXProject "xcode-and-playgrounds" */;
			compatibilityVersion = "Xcode 14.0";
			developmentRegion = en;
			hasScannedForEncodings = 0;
			knownRegions = (
				en,
				Base,
			);
			mainGroup = ED3754862C8EE32100CC22D6;
			packageReferences = (
			);
			productRefGroup = ED3754902C8EE32100CC22D6 /* Products */;
			projectDirPath = "";
			projectRoot = "";
			targets = (
				ED37548E2C8EE32100CC22D6 /* xcode-and-playgrounds */,
				ED37549E2C8EE32200CC22D6 /* xcode-and-playgroundsTests */,
				ED3754A82C8EE32200CC22D6 /* xcode-and-playgroundsUITests */,
			);
		};
/* End PBXProject section */

/* Begin PBXResourcesBuildPhase section */
		ED37548D2C8EE32100CC22D6 /* Resources */ = {
			isa = PBXResourcesBuildPhase;
			buildActionMask = 2147483647;
			files = (
				ED22FD2C2C91D5DC003F2B1C /* Assets.xcassets in Resources */,
				ED37549A2C8EE32200CC22D6 /* Preview Assets.xcassets in Resources */,
			);
			runOnlyForDeploymentPostprocessing = 0;
		};
		ED37549D2C8EE32200CC22D6 /* Resources */ = {
			isa = PBXResourcesBuildPhase;
			buildActionMask = 2147483647;
			files = (
			);
			runOnlyForDeploymentPostprocessing = 0;
		};
		ED3754A72C8EE32200CC22D6 /* Resources */ = {
			isa = PBXResourcesBuildPhase;
			buildActionMask = 2147483647;
			files = (
			);
			runOnlyForDeploymentPostprocessing = 0;
		};
/* End PBXResourcesBuildPhase section */

/* Begin PBXSourcesBuildPhase section */
		ED37548B2C8EE32100CC22D6 /* Sources */ = {
			isa = PBXSourcesBuildPhase;
			buildActionMask = 2147483647;
			files = (
			);
			runOnlyForDeploymentPostprocessing = 0;
		};
		ED37549B2C8EE32200CC22D6 /* Sources */ = {
			isa = PBXSourcesBuildPhase;
			buildActionMask = 2147483647;
			files = (
				ED3754A42C8EE32200CC22D6 /* xcode_and_playgroundsTests.swift in Sources */,
			);
			runOnlyForDeploymentPostprocessing = 0;
		};
		ED3754A52C8EE32200CC22D6 /* Sources */ = {
			isa = PBXSourcesBuildPhase;
			buildActionMask = 2147483647;
			files = (
				ED3754AE2C8EE32200CC22D6 /* xcode_and_playgroundsUITests.swift in Sources */,
				ED3754B02C8EE32200CC22D6 /* xcode_and_playgroundsUITestsLaunchTests.swift in Sources */,
			);
			runOnlyForDeploymentPostprocessing = 0;
		};
/* End PBXSourcesBuildPhase section */

/* Begin PBXTargetDependency section */
		ED3754A12C8EE32200CC22D6 /* PBXTargetDependency */ = {
			isa = PBXTargetDependency;
			target = ED37548E2C8EE32100CC22D6 /* xcode-and-playgrounds */;
			targetProxy = ED3754A02C8EE32200CC22D6 /* PBXContainerItemProxy */;
		};
		ED3754AB2C8EE32200CC22D6 /* PBXTargetDependency */ = {
			isa = PBXTargetDependency;
			target = ED37548E2C8EE32100CC22D6 /* xcode-and-playgrounds */;
			targetProxy = ED3754AA2C8EE32200CC22D6 /* PBXContainerItemProxy */;
		};
/* End PBXTargetDependency section */

/* Begin XCBuildConfiguration section */
		ED3754B12C8EE32200CC22D6 /* Debug */ = {
			isa = XCBuildConfiguration;
			buildSettings = {
				ALWAYS_SEARCH_USER_PATHS = NO;
				ASSETCATALOG_COMPILER_GENERATE_SWIFT_ASSET_SYMBOL_EXTENSIONS = YES;
				CLANG_ANALYZER_NONNULL = YES;
				CLANG_ANALYZER_NUMBER_OBJECT_CONVERSION = YES_AGGRESSIVE;
				CLANG_CXX_LANGUAGE_STANDARD = "gnu++20";
				CLANG_ENABLE_MODULES = YES;
				CLANG_ENABLE_OBJC_ARC = YES;
				CLANG_ENABLE_OBJC_WEAK = YES;
				CLANG_WARN_BLOCK_CAPTURE_AUTORELEASING = YES;
				CLANG_WARN_BOOL_CONVERSION = YES;
				CLANG_WARN_COMMA = YES;
				CLANG_WARN_CONSTANT_CONVERSION = YES;
				CLANG_WARN_DEPRECATED_OBJC_IMPLEMENTATIONS = YES;
				CLANG_WARN_DIRECT_OBJC_ISA_USAGE = YES_ERROR;
				CLANG_WARN_DOCUMENTATION_COMMENTS = YES;
				CLANG_WARN_EMPTY_BODY = YES;
				CLANG_WARN_ENUM_CONVERSION = YES;
				CLANG_WARN_INFINITE_RECURSION = YES;
				CLANG_WARN_INT_CONVERSION = YES;
				CLANG_WARN_NON_LITERAL_NULL_CONVERSION = YES;
				CLANG_WARN_OBJC_IMPLICIT_RETAIN_SELF = YES;
				CLANG_WARN_OBJC_LITERAL_CONVERSION = YES;
				CLANG_WARN_OBJC_ROOT_CLASS = YES_ERROR;
				CLANG_WARN_QUOTED_INCLUDE_IN_FRAMEWORK_HEADER = YES;
				CLANG_WARN_RANGE_LOOP_ANALYSIS = YES;
				CLANG_WARN_STRICT_PROTOTYPES = YES;
				CLANG_WARN_SUSPICIOUS_MOVE = YES;
				CLANG_WARN_UNGUARDED_AVAILABILITY = YES_AGGRESSIVE;
				CLANG_WARN_UNREACHABLE_CODE = YES;
				CLANG_WARN__DUPLICATE_METHOD_MATCH = YES;
				COPY_PHASE_STRIP = NO;
				DEBUG_INFORMATION_FORMAT = dwarf;
				ENABLE_STRICT_OBJC_MSGSEND = YES;
				ENABLE_TESTABILITY = YES;
				ENABLE_USER_SCRIPT_SANDBOXING = YES;
				GCC_C_LANGUAGE_STANDARD = gnu17;
				GCC_DYNAMIC_NO_PIC = NO;
				GCC_NO_COMMON_BLOCKS = YES;
				GCC_OPTIMIZATION_LEVEL = 0;
				GCC_PREPROCESSOR_DEFINITIONS = (
					"DEBUG=1",
					"$(inherited)",
				);
				GCC_WARN_64_TO_32_BIT_CONVERSION = YES;
				GCC_WARN_ABOUT_RETURN_TYPE = YES_ERROR;
				GCC_WARN_UNDECLARED_SELECTOR = YES;
				GCC_WARN_UNINITIALIZED_AUTOS = YES_AGGRESSIVE;
				GCC_WARN_UNUSED_FUNCTION = YES;
				GCC_WARN_UNUSED_VARIABLE = YES;
				IPHONEOS_DEPLOYMENT_TARGET = 17.4;
				LOCALIZATION_PREFERS_STRING_CATALOGS = YES;
				MTL_ENABLE_DEBUG_INFO = INCLUDE_SOURCE;
				MTL_FAST_MATH = YES;
				ONLY_ACTIVE_ARCH = YES;
				SDKROOT = iphoneos;
				SWIFT_ACTIVE_COMPILATION_CONDITIONS = "DEBUG $(inherited)";
				SWIFT_OPTIMIZATION_LEVEL = "-Onone";
			};
			name = Debug;
		};
		ED3754B22C8EE32200CC22D6 /* Release */ = {
			isa = XCBuildConfiguration;
			buildSettings = {
				ALWAYS_SEARCH_USER_PATHS = NO;
				ASSETCATALOG_COMPILER_GENERATE_SWIFT_ASSET_SYMBOL_EXTENSIONS = YES;
				CLANG_ANALYZER_NONNULL = YES;
				CLANG_ANALYZER_NUMBER_OBJECT_CONVERSION = YES_AGGRESSIVE;
				CLANG_CXX_LANGUAGE_STANDARD = "gnu++20";
				CLANG_ENABLE_MODULES = YES;
				CLANG_ENABLE_OBJC_ARC = YES;
				CLANG_ENABLE_OBJC_WEAK = YES;
				CLANG_WARN_BLOCK_CAPTURE_AUTORELEASING = YES;
				CLANG_WARN_BOOL_CONVERSION = YES;
				CLANG_WARN_COMMA = YES;
				CLANG_WARN_CONSTANT_CONVERSION = YES;
				CLANG_WARN_DEPRECATED_OBJC_IMPLEMENTATIONS = YES;
				CLANG_WARN_DIRECT_OBJC_ISA_USAGE = YES_ERROR;
				CLANG_WARN_DOCUMENTATION_COMMENTS = YES;
				CLANG_WARN_EMPTY_BODY = YES;
				CLANG_WARN_ENUM_CONVERSION = YES;
				CLANG_WARN_INFINITE_RECURSION = YES;
				CLANG_WARN_INT_CONVERSION = YES;
				CLANG_WARN_NON_LITERAL_NULL_CONVERSION = YES;
				CLANG_WARN_OBJC_IMPLICIT_RETAIN_SELF = YES;
				CLANG_WARN_OBJC_LITERAL_CONVERSION = YES;
				CLANG_WARN_OBJC_ROOT_CLASS = YES_ERROR;
				CLANG_WARN_QUOTED_INCLUDE_IN_FRAMEWORK_HEADER = YES;
				CLANG_WARN_RANGE_LOOP_ANALYSIS = YES;
				CLANG_WARN_STRICT_PROTOTYPES = YES;
				CLANG_WARN_SUSPICIOUS_MOVE = YES;
				CLANG_WARN_UNGUARDED_AVAILABILITY = YES_AGGRESSIVE;
				CLANG_WARN_UNREACHABLE_CODE = YES;
				CLANG_WARN__DUPLICATE_METHOD_MATCH = YES;
				COPY_PHASE_STRIP = NO;
				DEBUG_INFORMATION_FORMAT = "dwarf-with-dsym";
				ENABLE_NS_ASSERTIONS = NO;
				ENABLE_STRICT_OBJC_MSGSEND = YES;
				ENABLE_USER_SCRIPT_SANDBOXING = YES;
				GCC_C_LANGUAGE_STANDARD = gnu17;
				GCC_NO_COMMON_BLOCKS = YES;
				GCC_WARN_64_TO_32_BIT_CONVERSION = YES;
				GCC_WARN_ABOUT_RETURN_TYPE = YES_ERROR;
				GCC_WARN_UNDECLARED_SELECTOR = YES;
				GCC_WARN_UNINITIALIZED_AUTOS = YES_AGGRESSIVE;
				GCC_WARN_UNUSED_FUNCTION = YES;
				GCC_WARN_UNUSED_VARIABLE = YES;
				IPHONEOS_DEPLOYMENT_TARGET = 17.4;
				LOCALIZATION_PREFERS_STRING_CATALOGS = YES;
				MTL_ENABLE_DEBUG_INFO = NO;
				MTL_FAST_MATH = YES;
				SDKROOT = iphoneos;
				SWIFT_COMPILATION_MODE = wholemodule;
				VALIDATE_PRODUCT = YES;
			};
			name = Release;
		};
		ED3754B42C8EE32200CC22D6 /* Debug */ = {
			isa = XCBuildConfiguration;
			buildSettings = {
				ASSETCATALOG_COMPILER_APPICON_NAME = AppIcon;
				ASSETCATALOG_COMPILER_GLOBAL_ACCENT_COLOR_NAME = AccentColor;
				CODE_SIGN_STYLE = Automatic;
				CURRENT_PROJECT_VERSION = 1;
				DEVELOPMENT_ASSET_PATHS = "\"xcode-and-playgrounds/Preview Content\"";
				DEVELOPMENT_TEAM = HSPXR438P9;
				ENABLE_PREVIEWS = YES;
				GENERATE_INFOPLIST_FILE = YES;
				INFOPLIST_KEY_UIApplicationSceneManifest_Generation = YES;
				INFOPLIST_KEY_UIApplicationSupportsIndirectInputEvents = YES;
				INFOPLIST_KEY_UILaunchScreen_Generation = YES;
				INFOPLIST_KEY_UISupportedInterfaceOrientations_iPad = "UIInterfaceOrientationPortrait UIInterfaceOrientationPortraitUpsideDown UIInterfaceOrientationLandscapeLeft UIInterfaceOrientationLandscapeRight";
				INFOPLIST_KEY_UISupportedInterfaceOrientations_iPhone = "UIInterfaceOrientationPortrait UIInterfaceOrientationLandscapeLeft UIInterfaceOrientationLandscapeRight";
				LD_RUNPATH_SEARCH_PATHS = (
					"$(inherited)",
					"@executable_path/Frameworks",
				);
				MARKETING_VERSION = 1.0;
				PRODUCT_BUNDLE_IDENTIFIER = "com.koukilab.xcode-and-playgrounds";
				PRODUCT_NAME = "$(TARGET_NAME)";
				SWIFT_EMIT_LOC_STRINGS = YES;
				SWIFT_VERSION = 5.0;
				TARGETED_DEVICE_FAMILY = "1,2";
			};
			name = Debug;
		};
		ED3754B52C8EE32200CC22D6 /* Release */ = {
			isa = XCBuildConfiguration;
			buildSettings = {
				ASSETCATALOG_COMPILER_APPICON_NAME = AppIcon;
				ASSETCATALOG_COMPILER_GLOBAL_ACCENT_COLOR_NAME = AccentColor;
				CODE_SIGN_STYLE = Automatic;
				CURRENT_PROJECT_VERSION = 1;
				DEVELOPMENT_ASSET_PATHS = "\"xcode-and-playgrounds/Preview Content\"";
				DEVELOPMENT_TEAM = HSPXR438P9;
				ENABLE_PREVIEWS = YES;
				GENERATE_INFOPLIST_FILE = YES;
				INFOPLIST_KEY_UIApplicationSceneManifest_Generation = YES;
				INFOPLIST_KEY_UIApplicationSupportsIndirectInputEvents = YES;
				INFOPLIST_KEY_UILaunchScreen_Generation = YES;
				INFOPLIST_KEY_UISupportedInterfaceOrientations_iPad = "UIInterfaceOrientationPortrait UIInterfaceOrientationPortraitUpsideDown UIInterfaceOrientationLandscapeLeft UIInterfaceOrientationLandscapeRight";
				INFOPLIST_KEY_UISupportedInterfaceOrientations_iPhone = "UIInterfaceOrientationPortrait UIInterfaceOrientationLandscapeLeft UIInterfaceOrientationLandscapeRight";
				LD_RUNPATH_SEARCH_PATHS = (
					"$(inherited)",
					"@executable_path/Frameworks",
				);
				MARKETING_VERSION = 1.0;
				PRODUCT_BUNDLE_IDENTIFIER = "com.koukilab.xcode-and-playgrounds";
				PRODUCT_NAME = "$(TARGET_NAME)";
				SWIFT_EMIT_LOC_STRINGS = YES;
				SWIFT_VERSION = 5.0;
				TARGETED_DEVICE_FAMILY = "1,2";
			};
			name = Release;
		};
		ED3754B72C8EE32200CC22D6 /* Debug */ = {
			isa = XCBuildConfiguration;
			buildSettings = {
				BUNDLE_LOADER = "$(TEST_HOST)";
				CODE_SIGN_STYLE = Automatic;
				CURRENT_PROJECT_VERSION = 1;
				DEVELOPMENT_TEAM = HSPXR438P9;
				GENERATE_INFOPLIST_FILE = YES;
				IPHONEOS_DEPLOYMENT_TARGET = 17.4;
				MARKETING_VERSION = 1.0;
				PRODUCT_BUNDLE_IDENTIFIER = "com.koukilab.xcode-and-playgroundsTests";
				PRODUCT_NAME = "$(TARGET_NAME)";
				SWIFT_EMIT_LOC_STRINGS = NO;
				SWIFT_VERSION = 5.0;
				TARGETED_DEVICE_FAMILY = "1,2";
				TEST_HOST = "$(BUILT_PRODUCTS_DIR)/xcode-and-playgrounds.app/$(BUNDLE_EXECUTABLE_FOLDER_PATH)/xcode-and-playgrounds";
			};
			name = Debug;
		};
		ED3754B82C8EE32200CC22D6 /* Release */ = {
			isa = XCBuildConfiguration;
			buildSettings = {
				BUNDLE_LOADER = "$(TEST_HOST)";
				CODE_SIGN_STYLE = Automatic;
				CURRENT_PROJECT_VERSION = 1;
				DEVELOPMENT_TEAM = HSPXR438P9;
				GENERATE_INFOPLIST_FILE = YES;
				IPHONEOS_DEPLOYMENT_TARGET = 17.4;
				MARKETING_VERSION = 1.0;
				PRODUCT_BUNDLE_IDENTIFIER = "com.koukilab.xcode-and-playgroundsTests";
				PRODUCT_NAME = "$(TARGET_NAME)";
				SWIFT_EMIT_LOC_STRINGS = NO;
				SWIFT_VERSION = 5.0;
				TARGETED_DEVICE_FAMILY = "1,2";
				TEST_HOST = "$(BUILT_PRODUCTS_DIR)/xcode-and-playgrounds.app/$(BUNDLE_EXECUTABLE_FOLDER_PATH)/xcode-and-playgrounds";
			};
			name = Release;
		};
		ED3754BA2C8EE32200CC22D6 /* Debug */ = {
			isa = XCBuildConfiguration;
			buildSettings = {
				CODE_SIGN_STYLE = Automatic;
				CURRENT_PROJECT_VERSION = 1;
				DEVELOPMENT_TEAM = HSPXR438P9;
				GENERATE_INFOPLIST_FILE = YES;
				MARKETING_VERSION = 1.0;
				PRODUCT_BUNDLE_IDENTIFIER = "com.koukilab.xcode-and-playgroundsUITests";
				PRODUCT_NAME = "$(TARGET_NAME)";
				SWIFT_EMIT_LOC_STRINGS = NO;
				SWIFT_VERSION = 5.0;
				TARGETED_DEVICE_FAMILY = "1,2";
				TEST_TARGET_NAME = "xcode-and-playgrounds";
			};
			name = Debug;
		};
		ED3754BB2C8EE32200CC22D6 /* Release */ = {
			isa = XCBuildConfiguration;
			buildSettings = {
				CODE_SIGN_STYLE = Automatic;
				CURRENT_PROJECT_VERSION = 1;
				DEVELOPMENT_TEAM = HSPXR438P9;
				GENERATE_INFOPLIST_FILE = YES;
				MARKETING_VERSION = 1.0;
				PRODUCT_BUNDLE_IDENTIFIER = "com.koukilab.xcode-and-playgroundsUITests";
				PRODUCT_NAME = "$(TARGET_NAME)";
				SWIFT_EMIT_LOC_STRINGS = NO;
				SWIFT_VERSION = 5.0;
				TARGETED_DEVICE_FAMILY = "1,2";
				TEST_TARGET_NAME = "xcode-and-playgrounds";
			};
			name = Release;
		};
/* End XCBuildConfiguration section */

/* Begin XCConfigurationList section */
		ED37548A2C8EE32100CC22D6 /* Build configuration list for PBXProject "xcode-and-playgrounds" */ = {
			isa = XCConfigurationList;
			buildConfigurations = (
				ED3754B12C8EE32200CC22D6 /* Debug */,
				ED3754B22C8EE32200CC22D6 /* Release */,
			);
			defaultConfigurationIsVisible = 0;
			defaultConfigurationName = Release;
		};
		ED3754B32C8EE32200CC22D6 /* Build configuration list for PBXNativeTarget "xcode-and-playgrounds" */ = {
			isa = XCConfigurationList;
			buildConfigurations = (
				ED3754B42C8EE32200CC22D6 /* Debug */,
				ED3754B52C8EE32200CC22D6 /* Release */,
			);
			defaultConfigurationIsVisible = 0;
			defaultConfigurationName = Release;
		};
		ED3754B62C8EE32200CC22D6 /* Build configuration list for PBXNativeTarget "xcode-and-playgroundsTests" */ = {
			isa = XCConfigurationList;
			buildConfigurations = (
				ED3754B72C8EE32200CC22D6 /* Debug */,
				ED3754B82C8EE32200CC22D6 /* Release */,
			);
			defaultConfigurationIsVisible = 0;
			defaultConfigurationName = Release;
		};
		ED3754B92C8EE32200CC22D6 /* Build configuration list for PBXNativeTarget "xcode-and-playgroundsUITests" */ = {
			isa = XCConfigurationList;
			buildConfigurations = (
				ED3754BA2C8EE32200CC22D6 /* Debug */,
				ED3754BB2C8EE32200CC22D6 /* Release */,
			);
			defaultConfigurationIsVisible = 0;
			defaultConfigurationName = Release;
		};
/* End XCConfigurationList section */
	};
	rootObject = ED3754872C8EE32100CC22D6 /* Project object */;
}
